Microsoft Visual Studio Solution File, Format Version 12.00
# Visual Studio Version 16
VisualStudioVersion = 16.0.29613.14
MinimumVisualStudioVersion = 10.0.40219.1
Project("{FAE04EC0-301F-11D3-BF4B-00C04F79EFBC}") = "ICSharpCode.TextEditor.Tests", "Test\ICSharpCode.TextEditor.Tests.csproj", "{6259D767-BA7C-484D-9472-68F350A20086}"
EndProject
Project("{FAE04EC0-301F-11D3-BF4B-00C04F79EFBC}") = "ICSharpCode.TextEditor", "Project\ICSharpCode.TextEditor.csproj", "{2D18BE89-D210-49EB-A9DD-2246FBB3DF6D}"
EndProject
Project("{FAE04EC0-301F-11D3-BF4B-00C04F79EFBC}") = "AntsCore", "AntsCore\AntsCore.csproj", "{294E8F00-AB80-44F3-BEDB-AE0B58792DDB}"
EndProject
Project("{FAE04EC0-301F-11D3-BF4B-00C04F79EFBC}") = "AntsUI", "AntsUI\AntsUI.csproj", "{B0D7D110-75EF-450C-AE33-13BC9ED5E4C0}"
EndProject
Global
	GlobalSection(SolutionConfigurationPlatforms) = preSolution
		Debug|Any CPU = Debug|Any CPU
		Release|Any CPU = Release|Any CPU
	EndGlobalSection
	GlobalSection(ProjectConfigurationPlatforms) = postSolution
		{6259D767-BA7C-484D-9472-68F350A20086}.Debug|Any CPU.ActiveCfg = Debug|Any CPU
		{6259D767-BA7C-484D-9472-68F350A20086}.Debug|Any CPU.Build.0 = Debug|Any CPU
		{6259D767-BA7C-484D-9472-68F350A20086}.Release|Any CPU.ActiveCfg = Release|Any CPU
		{6259D767-BA7C-484D-9472-68F350A20086}.Release|Any CPU.Build.0 = Release|Any CPU
		{2D18BE89-D210-49EB-A9DD-2246FBB3DF6D}.Debug|Any CPU.ActiveCfg = Debug|Any CPU
		{2D18BE89-D210-49EB-A9DD-2246FBB3DF6D}.Debug|Any CPU.Build.0 = Debug|Any CPU
		{2D18BE89-D210-49EB-A9DD-2246FBB3DF6D}.Release|Any CPU.ActiveCfg = Release|Any CPU
		{2D18BE89-D210-49EB-A9DD-2246FBB3DF6D}.Release|Any CPU.Build.0 = Release|Any CPU
		{294E8F00-AB80-44F3-BEDB-AE0B58792DDB}.Debug|Any CPU.ActiveCfg = Debug|Any CPU
		{294E8F00-AB80-44F3-BEDB-AE0B58792DDB}.Debug|Any CPU.Build.0 = Debug|Any CPU
		{294E8F00-AB80-44F3-BEDB-AE0B58792DDB}.Release|Any CPU.ActiveCfg = Release|Any CPU
		{294E8F00-AB80-44F3-BEDB-AE0B58792DDB}.Release|Any CPU.Build.0 = Release|Any CPU
		{B0D7D110-75EF-450C-AE33-13BC9ED5E4C0}.Debug|Any CPU.ActiveCfg = Debug|Any CPU
		{B0D7D110-75EF-450C-AE33-13BC9ED5E4C0}.Debug|Any CPU.Build.0 = Debug|Any CPU
		{B0D7D110-75EF-450C-AE33-13BC9ED5E4C0}.Release|Any CPU.ActiveCfg = Release|Any CPU
		{B0D7D110-75EF-450C-AE33-13BC9ED5E4C0}.Release|Any CPU.Build.0 = Release|Any CPU
	EndGlobalSection
	GlobalSection(SolutionProperties) = preSolution
		HideSolutionNode = FALSE
	EndGlobalSection
	GlobalSection(ExtensibilityGlobals) = postSolution
		SolutionGuid = {40CF6BA1-C581-4D62-A508-F75355E32A8D}
	EndGlobalSection
EndGlobal
